
Microsoft Visual Studio Solution File, Format Version 12.00
# Visual Studio Version 16
VisualStudioVersion = 16.0.30330.147
MinimumVisualStudioVersion = 10.0.40219.1
Project("{FAE04EC0-301F-11D3-BF4B-00C04F79EFBC}") = "QuanLyMonHocTheoHocKy", "QuanLyMonHocTheoHocKy\QuanLyMonHocTheoHocKy.csproj", "{F27D85E1-90BB-4AE8-B7C1-42B655A1379D}"
EndProject
Global
	GlobalSection(SolutionConfigurationPlatforms) = preSolution
		Debug|Any CPU = Debug|Any CPU
		Release|Any CPU = Release|Any CPU
	EndGlobalSection
	GlobalSection(ProjectConfigurationPlatforms) = postSolution
		{F27D85E1-90BB-4AE8-B7C1-42B655A1379D}.Debug|Any CPU.ActiveCfg = Debug|Any CPU
		{F27D85E1-90BB-4AE8-B7C1-42B655A1379D}.Debug|Any CPU.Build.0 = Debug|Any CPU
		{F27D85E1-90BB-4AE8-B7C1-42B655A1379D}.Release|Any CPU.ActiveCfg = Release|Any CPU
		{F27D85E1-90BB-4AE8-B7C1-42B655A1379D}.Release|Any CPU.Build.0 = Release|Any CPU
	EndGlobalSection
	GlobalSection(SolutionProperties) = preSolution
		HideSolutionNode = FALSE
	EndGlobalSection
	GlobalSection(ExtensibilityGlobals) = postSolution
		SolutionGuid = {8DD5F20B-6391-4BA6-9E37-7EF64898055A}
	EndGlobalSection
EndGlobal
