
Microsoft Visual Studio Solution File, Format Version 12.00
# Visual Studio Version 16
VisualStudioVersion = 16.0.30330.147
MinimumVisualStudioVersion = 10.0.40219.1
Project("{FAE04EC0-301F-11D3-BF4B-00C04F79EFBC}") = "HelloWorld", "HelloWorld\HelloWorld.csproj", "{3DF2944B-D404-4E59-92FC-A01F578F2D32}"
EndProject
Global
	GlobalSection(SolutionConfigurationPlatforms) = preSolution
		Debug|Any CPU = Debug|Any CPU
		Release|Any CPU = Release|Any CPU
	EndGlobalSection
	GlobalSection(ProjectConfigurationPlatforms) = postSolution
		{3DF2944B-D404-4E59-92FC-A01F578F2D32}.Debug|Any CPU.ActiveCfg = Debug|Any CPU
		{3DF2944B-D404-4E59-92FC-A01F578F2D32}.Debug|Any CPU.Build.0 = Debug|Any CPU
		{3DF2944B-D404-4E59-92FC-A01F578F2D32}.Release|Any CPU.ActiveCfg = Release|Any CPU
		{3DF2944B-D404-4E59-92FC-A01F578F2D32}.Release|Any CPU.Build.0 = Release|Any CPU
	EndGlobalSection
	GlobalSection(SolutionProperties) = preSolution
		HideSolutionNode = FALSE
	EndGlobalSection
	GlobalSection(ExtensibilityGlobals) = postSolution
		SolutionGuid = {9216EAE6-D59E-40A0-BBFB-B43C34F700DD}
	EndGlobalSection
EndGlobal
