
Microsoft Visual Studio Solution File, Format Version 12.00
# Visual Studio Version 16
VisualStudioVersion = 16.0.30517.126
MinimumVisualStudioVersion = 10.0.40219.1
Project("{FAE04EC0-301F-11D3-BF4B-00C04F79EFBC}") = "BabyStore", "BabyStore\BabyStore.csproj", "{ED8E9C2F-5AFC-446A-A794-5CF83E2EBCFB}"
EndProject
Global
	GlobalSection(SolutionConfigurationPlatforms) = preSolution
		Debug|Any CPU = Debug|Any CPU
		Release|Any CPU = Release|Any CPU
	EndGlobalSection
	GlobalSection(ProjectConfigurationPlatforms) = postSolution
		{ED8E9C2F-5AFC-446A-A794-5CF83E2EBCFB}.Debug|Any CPU.ActiveCfg = Debug|Any CPU
		{ED8E9C2F-5AFC-446A-A794-5CF83E2EBCFB}.Debug|Any CPU.Build.0 = Debug|Any CPU
		{ED8E9C2F-5AFC-446A-A794-5CF83E2EBCFB}.Release|Any CPU.ActiveCfg = Release|Any CPU
		{ED8E9C2F-5AFC-446A-A794-5CF83E2EBCFB}.Release|Any CPU.Build.0 = Release|Any CPU
	EndGlobalSection
	GlobalSection(SolutionProperties) = preSolution
		HideSolutionNode = FALSE
	EndGlobalSection
	GlobalSection(ExtensibilityGlobals) = postSolution
		SolutionGuid = {B3483851-9C3A-4113-AE5C-8E56213F08FA}
	EndGlobalSection
EndGlobal
