
Microsoft Visual Studio Solution File, Format Version 12.00
# Visual Studio Version 16
VisualStudioVersion = 16.0.30503.244
MinimumVisualStudioVersion = 10.0.40219.1
Project("{9A19103F-16F7-4668-BE54-9A1E7A4F7556}") = "DemoCodePhanHe", "DemoCodePhanHe\DemoCodePhanHe.csproj", "{0DF4E818-292B-4792-A5C6-9D727D4B4231}"
EndProject
Project("{FAE04EC0-301F-11D3-BF4B-00C04F79EFBC}") = "DemoCodePhanHeTests4", "DemoCodePhanHeTests4\DemoCodePhanHeTests4.csproj", "{47C66375-9ACB-4AFD-B9EB-8F807F113B39}"
EndProject
Global
	GlobalSection(SolutionConfigurationPlatforms) = preSolution
		Debug|Any CPU = Debug|Any CPU
		Release|Any CPU = Release|Any CPU
	EndGlobalSection
	GlobalSection(ProjectConfigurationPlatforms) = postSolution
		{0DF4E818-292B-4792-A5C6-9D727D4B4231}.Debug|Any CPU.ActiveCfg = Debug|Any CPU
		{0DF4E818-292B-4792-A5C6-9D727D4B4231}.Debug|Any CPU.Build.0 = Debug|Any CPU
		{0DF4E818-292B-4792-A5C6-9D727D4B4231}.Release|Any CPU.ActiveCfg = Release|Any CPU
		{0DF4E818-292B-4792-A5C6-9D727D4B4231}.Release|Any CPU.Build.0 = Release|Any CPU
		{47C66375-9ACB-4AFD-B9EB-8F807F113B39}.Debug|Any CPU.ActiveCfg = Debug|Any CPU
		{47C66375-9ACB-4AFD-B9EB-8F807F113B39}.Debug|Any CPU.Build.0 = Debug|Any CPU
		{47C66375-9ACB-4AFD-B9EB-8F807F113B39}.Release|Any CPU.ActiveCfg = Release|Any CPU
		{47C66375-9ACB-4AFD-B9EB-8F807F113B39}.Release|Any CPU.Build.0 = Release|Any CPU
	EndGlobalSection
	GlobalSection(SolutionProperties) = preSolution
		HideSolutionNode = FALSE
	EndGlobalSection
	GlobalSection(ExtensibilityGlobals) = postSolution
		SolutionGuid = {0462E304-BD51-494F-A4B4-704B371F5DCC}
	EndGlobalSection
EndGlobal
