
Microsoft Visual Studio Solution File, Format Version 12.00
# Visual Studio Version 16
VisualStudioVersion = 16.0.30517.126
MinimumVisualStudioVersion = 10.0.40219.1
Project("{FAE04EC0-301F-11D3-BF4B-00C04F79EFBC}") = "Server", "Server\Server.csproj", "{02B9D3FF-58C3-46EF-982A-45C56689112D}"
EndProject
Project("{FAE04EC0-301F-11D3-BF4B-00C04F79EFBC}") = "Client", "Client\Client.csproj", "{C5C8FB35-4D13-4A68-9C24-2C9B41112CF4}"
EndProject
Global
	GlobalSection(SolutionConfigurationPlatforms) = preSolution
		Debug|Any CPU = Debug|Any CPU
		Release|Any CPU = Release|Any CPU
	EndGlobalSection
	GlobalSection(ProjectConfigurationPlatforms) = postSolution
		{02B9D3FF-58C3-46EF-982A-45C56689112D}.Debug|Any CPU.ActiveCfg = Debug|Any CPU
		{02B9D3FF-58C3-46EF-982A-45C56689112D}.Debug|Any CPU.Build.0 = Debug|Any CPU
		{02B9D3FF-58C3-46EF-982A-45C56689112D}.Release|Any CPU.ActiveCfg = Release|Any CPU
		{02B9D3FF-58C3-46EF-982A-45C56689112D}.Release|Any CPU.Build.0 = Release|Any CPU
		{C5C8FB35-4D13-4A68-9C24-2C9B41112CF4}.Debug|Any CPU.ActiveCfg = Debug|Any CPU
		{C5C8FB35-4D13-4A68-9C24-2C9B41112CF4}.Debug|Any CPU.Build.0 = Debug|Any CPU
		{C5C8FB35-4D13-4A68-9C24-2C9B41112CF4}.Release|Any CPU.ActiveCfg = Release|Any CPU
		{C5C8FB35-4D13-4A68-9C24-2C9B41112CF4}.Release|Any CPU.Build.0 = Release|Any CPU
	EndGlobalSection
	GlobalSection(SolutionProperties) = preSolution
		HideSolutionNode = FALSE
	EndGlobalSection
	GlobalSection(ExtensibilityGlobals) = postSolution
		SolutionGuid = {37F67244-90A1-4715-86F3-F795AB2D0B50}
	EndGlobalSection
EndGlobal
