
Microsoft Visual Studio Solution File, Format Version 12.00
# Visual Studio Version 16
VisualStudioVersion = 16.0.30517.126
MinimumVisualStudioVersion = 10.0.40219.1
Project("{FAE04EC0-301F-11D3-BF4B-00C04F79EFBC}") = "MultiThreadSocketServer", "MultiThreadSocketServer\MultiThreadSocketServer.csproj", "{17225DF9-F492-44A2-B09A-82AF5DEF6AF0}"
EndProject
Project("{FAE04EC0-301F-11D3-BF4B-00C04F79EFBC}") = "MultiThreadSocketClient", "MultiThreadSocketClient\MultiThreadSocketClient.csproj", "{AF6AF045-6638-46D2-B84C-796BBB89BF89}"
EndProject
Global
	GlobalSection(SolutionConfigurationPlatforms) = preSolution
		Debug|Any CPU = Debug|Any CPU
		Release|Any CPU = Release|Any CPU
	EndGlobalSection
	GlobalSection(ProjectConfigurationPlatforms) = postSolution
		{17225DF9-F492-44A2-B09A-82AF5DEF6AF0}.Debug|Any CPU.ActiveCfg = Debug|Any CPU
		{17225DF9-F492-44A2-B09A-82AF5DEF6AF0}.Debug|Any CPU.Build.0 = Debug|Any CPU
		{17225DF9-F492-44A2-B09A-82AF5DEF6AF0}.Release|Any CPU.ActiveCfg = Release|Any CPU
		{17225DF9-F492-44A2-B09A-82AF5DEF6AF0}.Release|Any CPU.Build.0 = Release|Any CPU
		{AF6AF045-6638-46D2-B84C-796BBB89BF89}.Debug|Any CPU.ActiveCfg = Debug|Any CPU
		{AF6AF045-6638-46D2-B84C-796BBB89BF89}.Debug|Any CPU.Build.0 = Debug|Any CPU
		{AF6AF045-6638-46D2-B84C-796BBB89BF89}.Release|Any CPU.ActiveCfg = Release|Any CPU
		{AF6AF045-6638-46D2-B84C-796BBB89BF89}.Release|Any CPU.Build.0 = Release|Any CPU
	EndGlobalSection
	GlobalSection(SolutionProperties) = preSolution
		HideSolutionNode = FALSE
	EndGlobalSection
	GlobalSection(ExtensibilityGlobals) = postSolution
		SolutionGuid = {F04E2DCE-DBB2-4E49-AF58-E67E3192A2BF}
	EndGlobalSection
EndGlobal
